
Microsoft Visual Studio Solution File, Format Version 12.00
# Visual Studio 15
Project("{FAE04EC0-301F-11D3-BF4B-00C04F79EFBC}") = "Assembly-CSharp", "Assembly-CSharp.csproj", "{AD4B13B3-1FCE-6BE1-6F66-11A7CB213A57}"
EndProject
Project("{FAE04EC0-301F-11D3-BF4B-00C04F79EFBC}") = "Assembly-CSharp-Editor", "Assembly-CSharp-Editor.csproj", "{D248ED6F-711E-1C09-3F52-A82AFE236B6F}"
EndProject
Global
	GlobalSection(SolutionConfigurationPlatforms) = preSolution
		Debug|Any CPU = Debug|Any CPU
		Release|Any CPU = Release|Any CPU
	EndGlobalSection
	GlobalSection(ProjectConfigurationPlatforms) = postSolution
		{AD4B13B3-1FCE-6BE1-6F66-11A7CB213A57}.Debug|Any CPU.ActiveCfg = Debug|Any CPU
		{AD4B13B3-1FCE-6BE1-6F66-11A7CB213A57}.Debug|Any CPU.Build.0 = Debug|Any CPU
		{AD4B13B3-1FCE-6BE1-6F66-11A7CB213A57}.Release|Any CPU.ActiveCfg = Release|Any CPU
		{AD4B13B3-1FCE-6BE1-6F66-11A7CB213A57}.Release|Any CPU.Build.0 = Release|Any CPU
		{D248ED6F-711E-1C09-3F52-A82AFE236B6F}.Debug|Any CPU.ActiveCfg = Debug|Any CPU
		{D248ED6F-711E-1C09-3F52-A82AFE236B6F}.Debug|Any CPU.Build.0 = Debug|Any CPU
		{D248ED6F-711E-1C09-3F52-A82AFE236B6F}.Release|Any CPU.ActiveCfg = Release|Any CPU
		{D248ED6F-711E-1C09-3F52-A82AFE236B6F}.Release|Any CPU.Build.0 = Release|Any CPU
	EndGlobalSection
	GlobalSection(SolutionProperties) = preSolution
		HideSolutionNode = FALSE
	EndGlobalSection
EndGlobal
